
Microsoft Visual Studio Solution File, Format Version 12.00
# Visual Studio Version 16
VisualStudioVersion = 16.0.31105.61
MinimumVisualStudioVersion = 10.0.40219.1
Project("{FAE04EC0-301F-11D3-BF4B-00C04F79EFBC}") = "MISA.QLTH.API", "MISA.QLTH.API\MISA.QLTH.API.csproj", "{44E4512E-601A-4496-A389-959C683C109C}"
EndProject
Project("{FAE04EC0-301F-11D3-BF4B-00C04F79EFBC}") = "MISA.QLTH.ApplicationCore", "MISA.ApplicationCore\MISA.QLTH.ApplicationCore.csproj", "{E38573CD-E47A-4861-BF96-09DF277949B2}"
EndProject
Project("{FAE04EC0-301F-11D3-BF4B-00C04F79EFBC}") = "MISA.QLTH.Instructure", "MISA.QLTH.Instructure\MISA.QLTH.Instructure.csproj", "{5BE24588-BBD3-4B8E-BB11-D56020B8EDC1}"
EndProject
Global
	GlobalSection(SolutionConfigurationPlatforms) = preSolution
		Debug|Any CPU = Debug|Any CPU
		Release|Any CPU = Release|Any CPU
	EndGlobalSection
	GlobalSection(ProjectConfigurationPlatforms) = postSolution
		{44E4512E-601A-4496-A389-959C683C109C}.Debug|Any CPU.ActiveCfg = Debug|Any CPU
		{44E4512E-601A-4496-A389-959C683C109C}.Debug|Any CPU.Build.0 = Debug|Any CPU
		{44E4512E-601A-4496-A389-959C683C109C}.Release|Any CPU.ActiveCfg = Release|Any CPU
		{44E4512E-601A-4496-A389-959C683C109C}.Release|Any CPU.Build.0 = Release|Any CPU
		{E38573CD-E47A-4861-BF96-09DF277949B2}.Debug|Any CPU.ActiveCfg = Debug|Any CPU
		{E38573CD-E47A-4861-BF96-09DF277949B2}.Debug|Any CPU.Build.0 = Debug|Any CPU
		{E38573CD-E47A-4861-BF96-09DF277949B2}.Release|Any CPU.ActiveCfg = Release|Any CPU
		{E38573CD-E47A-4861-BF96-09DF277949B2}.Release|Any CPU.Build.0 = Release|Any CPU
		{5BE24588-BBD3-4B8E-BB11-D56020B8EDC1}.Debug|Any CPU.ActiveCfg = Debug|Any CPU
		{5BE24588-BBD3-4B8E-BB11-D56020B8EDC1}.Debug|Any CPU.Build.0 = Debug|Any CPU
		{5BE24588-BBD3-4B8E-BB11-D56020B8EDC1}.Release|Any CPU.ActiveCfg = Release|Any CPU
		{5BE24588-BBD3-4B8E-BB11-D56020B8EDC1}.Release|Any CPU.Build.0 = Release|Any CPU
	EndGlobalSection
	GlobalSection(SolutionProperties) = preSolution
		HideSolutionNode = FALSE
	EndGlobalSection
	GlobalSection(ExtensibilityGlobals) = postSolution
		SolutionGuid = {2A33F3C1-8A9F-4349-B4DC-7FFED0E1DBCF}
	EndGlobalSection
EndGlobal
